{
  "version": "5",
  "specifiers": {
    "jsr:@std/path@1.0.9": "1.0.9",
    "npm:@octokit/webhooks-types@*": "7.6.1"
  },
  "jsr": {
    "@std/path@1.0.9": {
      "integrity": "260a49f11edd3db93dd38350bf9cd1b4d1366afa98e81b86167b4e3dd750129e"
    }
  },
  "npm": {
    "@octokit/webhooks-types@7.6.1": {
      "integrity": "sha512-S8u2cJzklBC0FgTwWVLaM8tMrDuDMVE4xiTK4EYXM9GntyvrdbSoxqDQa+Fh57CCNApyIpyeqPhhFEmHPfrXgw=="
    }
  },
  "redirects": {
    "https://deno.land/x/grammy/mod.ts": "https://deno.land/x/grammy@v1.38.2/mod.ts",
    "https://deno.land/x/grammy/types.web.ts": "https://deno.land/x/grammy@v1.38.2/types.web.ts",
    "https://deno.land/x/grammy_i18n/mod.ts": "https://deno.land/x/grammy_i18n@v1.1.0/mod.ts",
    "https://lib.deno.dev/x/grammy@1.x/mod.ts": "https://deno.land/x/grammy@v1.38.2/mod.ts"
  },
  "remote": {
    "https://cdn.skypack.dev/-/debug@v4.3.4-o4liVvMlOnQWbLSYZMXw/dist=es2019,mode=imports/optimized/debug.js": "671100993996e39b501301a87000607916d4d2d9f8fc8e9c5200ae5ba64a1389",
    "https://cdn.skypack.dev/-/ms@v2.1.2-giBDZ1IA5lmQ3ZXaa87V/dist=es2019,mode=imports/optimized/ms.js": "fd88e2d51900437011f1ad232f3393ce97db1b87a7844b3c58dd6d65562c1276",
    "https://cdn.skypack.dev/debug@4.3.4": "7b1d010cc930f71b940ba5941da055bc181115229e29de7214bdb4425c68ea76",
    "https://deno.land/std@0.163.0/async/abortable.ts": "87aa7230be8360c24ad437212311c9e8d4328854baec27b4c7abb26e85515c06",
    "https://deno.land/std@0.163.0/async/deadline.ts": "48ac998d7564969f3e6ec6b6f9bf0217ebd00239b1b2292feba61272d5dd58d0",
    "https://deno.land/std@0.163.0/async/debounce.ts": "dc8b92d4a4fe7eac32c924f2b8d3e62112530db70cadce27042689d82970b350",
    "https://deno.land/std@0.163.0/async/deferred.ts": "d8fb253ffde2a056e4889ef7e90f3928f28be9f9294b6505773d33f136aab4e6",
    "https://deno.land/std@0.163.0/async/delay.ts": "0419dfc993752849692d1f9647edf13407c7facc3509b099381be99ffbc9d699",
    "https://deno.land/std@0.163.0/async/mod.ts": "dd0a8ed4f3984ffabe2fcca7c9f466b7932d57b1864ffee148a5d5388316db6b",
    "https://deno.land/std@0.163.0/async/mux_async_iterator.ts": "3447b28a2a582224a3d4d3596bccbba6e85040da3b97ed64012f7decce98d093",
    "https://deno.land/std@0.163.0/async/pool.ts": "ef9eb97b388543acbf0ac32647121e4dbe629236899586c4d4311a8770fbb239",
    "https://deno.land/std@0.163.0/async/tee.ts": "9af3a3e7612af75861308b52249e167f5ebc3dcfc8a1a4d45462d96606ee2b70",
    "https://deno.land/std@0.163.0/http/server.ts": "e99c1bee8a3f6571ee4cdeb2966efad465b8f6fe62bec1bdb59c1f007cc4d155",
    "https://deno.land/std@0.192.0/_util/asserts.ts": "178dfc49a464aee693a7e285567b3d0b555dc805ff490505a8aae34f9cfb1462",
    "https://deno.land/std@0.192.0/_util/os.ts": "d932f56d41e4f6a6093d56044e29ce637f8dcc43c5a90af43504a889cf1775e3",
    "https://deno.land/std@0.192.0/fs/_util.ts": "fbf57dcdc9f7bc8128d60301eece608246971a7836a3bb1e78da75314f08b978",
    "https://deno.land/std@0.192.0/fs/walk.ts": "920be35a7376db6c0b5b1caf1486fb962925e38c9825f90367f8f26b5e5d0897",
    "https://deno.land/std@0.192.0/path/_constants.ts": "e49961f6f4f48039c0dfed3c3f93e963ca3d92791c9d478ac5b43183413136e0",
    "https://deno.land/std@0.192.0/path/_interface.ts": "6471159dfbbc357e03882c2266d21ef9afdb1e4aa771b0545e90db58a0ba314b",
    "https://deno.land/std@0.192.0/path/_util.ts": "d7abb1e0dea065f427b89156e28cdeb32b045870acdf865833ba808a73b576d0",
    "https://deno.land/std@0.192.0/path/common.ts": "ee7505ab01fd22de3963b64e46cff31f40de34f9f8de1fff6a1bd2fe79380000",
    "https://deno.land/std@0.192.0/path/glob.ts": "d479e0a695621c94d3fd7fe7abd4f9499caf32a8de13f25073451c6ef420a4e1",
    "https://deno.land/std@0.192.0/path/mod.ts": "f065032a7189404fdac3ad1a1551a9ac84751d2f25c431e101787846c86c79ef",
    "https://deno.land/std@0.192.0/path/posix.ts": "8b7c67ac338714b30c816079303d0285dd24af6b284f7ad63da5b27372a2c94d",
    "https://deno.land/std@0.192.0/path/separator.ts": "0fb679739d0d1d7bf45b68dacfb4ec7563597a902edbaf3c59b50d5bcadd93b1",
    "https://deno.land/std@0.192.0/path/win32.ts": "d186344e5583bcbf8b18af416d13d82b35a317116e6460a5a3953508c3de5bba",
    "https://deno.land/std@0.201.0/dotenv/load.ts": "0636983549b98f29ab75c9a22a42d9723f0a389ece5498fe971e7bb2556a12e2",
    "https://deno.land/std@0.201.0/dotenv/mod.ts": "1da8c6d0e7f7d8a5c2b19400b763bc11739df24acec235dda7ea2cfd3d300057",
    "https://deno.land/std@0.202.0/assert/assert.ts": "9a97dad6d98c238938e7540736b826440ad8c1c1e54430ca4c4e623e585607ee",
    "https://deno.land/std@0.202.0/assert/assertion_error.ts": "4d0bde9b374dfbcbe8ac23f54f567b77024fb67dbb1906a852d67fe050d42f56",
    "https://deno.land/std@0.202.0/bytes/concat.ts": "d26d6f3d7922e6d663dacfcd357563b7bf4a380ce5b9c2bbe0c8586662f25ce2",
    "https://deno.land/std@0.202.0/crypto/_fnv/fnv32.ts": "e4649dfdefc5c987ed53c3c25db62db771a06d9d1b9c36d2b5cf0853b8e82153",
    "https://deno.land/std@0.202.0/crypto/_fnv/fnv64.ts": "bfa0e4702061fdb490a14e6bf5f9168a22fb022b307c5723499469bfefca555e",
    "https://deno.land/std@0.202.0/crypto/_fnv/mod.ts": "f956a95f58910f223e420340b7404702ecd429603acd4491fa77af84f746040c",
    "https://deno.land/std@0.202.0/crypto/_fnv/util.ts": "accba12bfd80a352e32a872f87df2a195e75561f1b1304a4cb4f5a4648d288f9",
    "https://deno.land/std@0.202.0/crypto/_wasm/lib/deno_std_wasm_crypto.generated.mjs": "85b50eee2e511584698c04f1d84155e57452ea963106fee64987c326e9e5d25d",
    "https://deno.land/std@0.202.0/crypto/_wasm/mod.ts": "973058e70052c98292b567d1c8396dffc28d6dfc6a44f0763032f6fbdf5222f5",
    "https://deno.land/std@0.202.0/crypto/crypto.ts": "c1fac13f11e5150e7690a4d6f09bc09b39d0a13fc5cf129f13617656fea7379e",
    "https://deno.land/std@0.202.0/crypto/timing_safe_equal.ts": "f6edc08d702f660b1ab3505b74d53a9d499e34a1351f6ab70f5ce8653fee8fb7",
    "https://deno.land/std@0.202.0/uuid/_common.ts": "cb1441f4df460571fc0919e1c5c217f3e7006189b703caf946604b3f791ae34d",
    "https://deno.land/std@0.202.0/uuid/constants.ts": "0d0e95561343da44adb4a4edbc1f04cef48b0d75288c4d1704f58743f4a50d88",
    "https://deno.land/std@0.202.0/uuid/mod.ts": "5c7ca252dddba1ddf0bca2dc1124328245272650c98251d71996bb9cd8f5a386",
    "https://deno.land/std@0.202.0/uuid/v1.ts": "fe36009afce7ced96e1b5928565e12c5a8eb0df1a2b5063c0a72bda6b75c0de5",
    "https://deno.land/std@0.202.0/uuid/v3.ts": "49bd2a5cd19f043c88777a8daeaa453f96cc586129af78863aa34dadf27d5fd0",
    "https://deno.land/std@0.202.0/uuid/v4.ts": "0f081880c156fd59b9e44e2f84ea0f94a3627e89c224eaf6cc982b53d849f37e",
    "https://deno.land/std@0.202.0/uuid/v5.ts": "a102f716fc8d31b7e7e4376b1e7d6a255c39858bda6e5f672a4bb3cbd67405d0",
    "https://deno.land/std@0.211.0/path/_common/assert_path.ts": "2ca275f36ac1788b2acb60fb2b79cb06027198bc2ba6fb7e163efaedde98c297",
    "https://deno.land/std@0.211.0/path/_common/basename.ts": "569744855bc8445f3a56087fd2aed56bdad39da971a8d92b138c9913aecc5fa2",
    "https://deno.land/std@0.211.0/path/_common/constants.ts": "dc5f8057159f4b48cd304eb3027e42f1148cf4df1fb4240774d3492b5d12ac0c",
    "https://deno.land/std@0.211.0/path/_common/strip_trailing_separators.ts": "7024a93447efcdcfeaa9339a98fa63ef9d53de363f1fbe9858970f1bba02655a",
    "https://deno.land/std@0.211.0/path/_os.ts": "8fb9b90fb6b753bd8c77cfd8a33c2ff6c5f5bc185f50de8ca4ac6a05710b2c15",
    "https://deno.land/std@0.211.0/path/basename.ts": "5d341aadb7ada266e2280561692c165771d071c98746fcb66da928870cd47668",
    "https://deno.land/std@0.211.0/path/posix/_util.ts": "1e3937da30f080bfc99fe45d7ed23c47dd8585c5e473b2d771380d3a6937cf9d",
    "https://deno.land/std@0.211.0/path/posix/basename.ts": "39ee27a29f1f35935d3603ccf01d53f3d6e0c5d4d0f84421e65bd1afeff42843",
    "https://deno.land/std@0.211.0/path/windows/_util.ts": "d5f47363e5293fced22c984550d5e70e98e266cc3f31769e1710511803d04808",
    "https://deno.land/std@0.211.0/path/windows/basename.ts": "e2dbf31d1d6385bfab1ce38c333aa290b6d7ae9e0ecb8234a654e583cf22f8fe",
    "https://deno.land/x/axiod@0.26.2/helpers.ts": "467f2ca75608f368c8092e800eab0d6d79b3fa42346372be62a5b93acf50fe7e",
    "https://deno.land/x/axiod@0.26.2/interfaces.ts": "1b5a7b70b1e7faecd2f251ad080bd87188fba585e2de667af472c4d72abf636e",
    "https://deno.land/x/axiod@0.26.2/mod.ts": "1175ec90a040d764b9940753f8d8e3f37a2328a0536eed48e411a8f1a3e9e5cb",
    "https://deno.land/x/axiod@0.26.2/mods/url-join.ts": "c925b2dd0bd490093d084bd4c74a9502260e014d5e760a4951b3e7c8ab3ca43f",
    "https://deno.land/x/fluent@0.0.1/bundle/ast.ts": "5b6c57e6115ca4497fc15be9a854053c0700cbadb680956b8719d6e40eacc759",
    "https://deno.land/x/fluent@0.0.1/bundle/builtins.ts": "cdcb96c0b4d39bff48acf842c99e5df7262bd2a7dc8488cd6c73af3ecd3f783f",
    "https://deno.land/x/fluent@0.0.1/bundle/bundle.ts": "fd5822c4fb8b094896620c5f825280b3bb1acc8cf757c0c33666564771e319f4",
    "https://deno.land/x/fluent@0.0.1/bundle/memoizer.ts": "145e4d64156bca1f7fac51ca47eb31e15b0b31304ba4c8a1fe05e95a8ca85a96",
    "https://deno.land/x/fluent@0.0.1/bundle/mod.ts": "3cc7b28a32c4739fcccdac11d57b287af2b1cf3aa394c45a54028f196d82f405",
    "https://deno.land/x/fluent@0.0.1/bundle/resolver.ts": "58d0f9acc538b7306eb0e5b6838d40168bb0d025e53ddbb07be30003034062b9",
    "https://deno.land/x/fluent@0.0.1/bundle/resource.ts": "ae9f2a10d6f4c5ea5e944458f5ff7323356e8d75959c38be840a6c9cbca0e9e9",
    "https://deno.land/x/fluent@0.0.1/bundle/scope.ts": "a3978a7b22ee3f4f6abbaf9f42b1689fe4de9f59969c9731cfaf5ad31d153f4a",
    "https://deno.land/x/fluent@0.0.1/bundle/types.ts": "6e1b13bdd1fd8c9871bf2505479c90b8df5c527e728b4b1002f2e37529db3e58",
    "https://deno.land/x/fluent@0.0.1/langneg/accepted_languages.ts": "ecd1ba4b6bdbc5f39aae02cc32f635e7804ed53e98b48e3fdcb3d37f95db37c2",
    "https://deno.land/x/fluent@0.0.1/langneg/locale.ts": "2256820338dd9a1c5b5865b504a0a6b23cb15b51b7c54063cb04d08db21e007c",
    "https://deno.land/x/fluent@0.0.1/langneg/matches.ts": "d1f3ffc22e806b45b371d1efe8fc6aa1fa3dd861c150f30bd110498fee636b38",
    "https://deno.land/x/fluent@0.0.1/langneg/mod.ts": "0a90ba0878e57d899e96b25f71feb29c5b0339b216a5f90fa3edb0750ca8ff3b",
    "https://deno.land/x/fluent@0.0.1/langneg/negotiate_languages.ts": "0ad36deb38c1668c86ef84044e97d83bf6b135a06e941d7591f0e4c4339058dd",
    "https://deno.land/x/grammy@v1.20.3/types.web.ts": "44b121f5d4742aa65e66fcf8082852f65bf27209f871b87ab2855d09a92dd941",
    "https://deno.land/x/grammy@v1.38.2/bot.ts": "b0e3159726c9873787ab7a06c2bcf5b8bb90da3493486b31a50cf260534bfa9e",
    "https://deno.land/x/grammy@v1.38.2/composer.ts": "4fcfc5c5b68107c0e0f24a9b00a5f3cf8d4ed0adee964be17005d96782e09562",
    "https://deno.land/x/grammy@v1.38.2/context.ts": "93d4a302db0b9e06831d8943f488d2c8e10106df78d4e8a981e63ca377551511",
    "https://deno.land/x/grammy@v1.38.2/convenience/constants.ts": "1560129784be52f49aa0bea8716f09ed00dac367fef195be6a2c09bdfc43fb99",
    "https://deno.land/x/grammy@v1.38.2/convenience/frameworks.ts": "4eade9a8cfd004cfeb992e7503353498e7661a7150582900e24e7ae146f7f752",
    "https://deno.land/x/grammy@v1.38.2/convenience/inline_query.ts": "409d1940c7670708064efa495003bcbfdf6763a756b2e6303c464489fd3394ff",
    "https://deno.land/x/grammy@v1.38.2/convenience/input_media.ts": "7af72a5fdb1af0417e31b1327003f536ddfdf64e06ab8bc7f5da6b574de38658",
    "https://deno.land/x/grammy@v1.38.2/convenience/keyboard.ts": "dc5d3f53d0f6a15600ced9b40c85debe55a5d381436826b4cdede18c84bd6bae",
    "https://deno.land/x/grammy@v1.38.2/convenience/session.ts": "5e4b976528a0b3d7893645ac23e2e35e78671af578a3aed5efb4b621e7e9b6da",
    "https://deno.land/x/grammy@v1.38.2/convenience/webhook.ts": "e778e7e0ac5f86600f53534e2fcb799b4bd30562eb0696279181330e76d394f7",
    "https://deno.land/x/grammy@v1.38.2/core/api.ts": "60a82ad4f6e705250b4837b03020e30c895b5ab0a9a8226497521f28aae4f789",
    "https://deno.land/x/grammy@v1.38.2/core/client.ts": "f0acb24fc16a7a41727db4de0799f4153fe3b8d9571931dbbaa89da97030bcae",
    "https://deno.land/x/grammy@v1.38.2/core/error.ts": "5245f18f273da6be364f525090c24d2e9a282c180904f674f66946f2b2556247",
    "https://deno.land/x/grammy@v1.38.2/core/payload.ts": "420e17c3c2830b5576ea187cfce77578fe09f1204b25c25ea2f220ca7c86e73b",
    "https://deno.land/x/grammy@v1.38.2/filter.ts": "a509e2784a5936e6043315f1654ca9d3f082555e128730f782d3ff90a58bbfe7",
    "https://deno.land/x/grammy@v1.38.2/mod.ts": "a973e356760eed1b58bc89280e6eb41bbdf74035f6348c08d6cebf50da1dac34",
    "https://deno.land/x/grammy@v1.38.2/platform.deno.ts": "68272a7e1d9a2d74d8a45342526485dbc0531dee812f675d7f8a4e7fc8393028",
    "https://deno.land/x/grammy@v1.38.2/types.deno.ts": "6a9331bfa81f71b2334527f4611f802b2bf8aabf15e80ac2707b079a8b2fe81a",
    "https://deno.land/x/grammy@v1.38.2/types.ts": "729415590dfa188dbe924dea614dff4e976babdbabb28a307b869fc25777cdf0",
    "https://deno.land/x/grammy@v1.38.2/types.web.ts": "169494adc04d1c7ad0b06b13b390cc5edae4f86a2e962bc272cdc0d47f015172",
    "https://deno.land/x/grammy_i18n@v1.1.0/deps.ts": "c1d2763e65f8ccf02fe3b32b9f1e1d2185039da30730d3f9525c63a6cae7aadc",
    "https://deno.land/x/grammy_i18n@v1.1.0/fluent.ts": "c4d6b4cf7aede9c25227b3e09aacc42e6ff381ef80bf1b476ba3ffdee284f74c",
    "https://deno.land/x/grammy_i18n@v1.1.0/i18n.ts": "7041c605d38fba0cf4ddc1e8bd65294e8ac1d51a201d539c9ce36dbb7e0ec22a",
    "https://deno.land/x/grammy_i18n@v1.1.0/mod.ts": "3250f0ecb81d4f0d7839b1d344c9453c5b7a79b7fca7d50b7ea89f91b7856cd9",
    "https://deno.land/x/grammy_i18n@v1.1.0/types.ts": "ee187fb5c34aca31aa72ed4a0df375f1e14001cffb302d490526cc23dd975b43",
    "https://deno.land/x/grammy_i18n@v1.1.0/utils.ts": "d880aef8dce05377a60e2e9c27b999b4936b97da1b50633bfa536f9f8c1daf92",
    "https://deno.land/x/grammy_i18n@v1.1.0/warning.ts": "65c80833a93d5c37fe691125998b50268c11ecd070c8e85e0ce7d220ad7a3d37",
    "https://deno.land/x/grammy_types@v3.2.0/inline.ts": "8b94cee32f193dc5c689202a78d6525f6c167cc3e10b5e568c0315f654654586",
    "https://deno.land/x/grammy_types@v3.2.0/manage.ts": "4cf900d9df3aec33b8786d1b43b14a03d51e2e7d5350197e4cd248578cf488be",
    "https://deno.land/x/grammy_types@v3.2.0/markup.ts": "7b547b79130a112f98fbd3f0f754c8bb926f7cab3040d244b5f597aea0e1ce09",
    "https://deno.land/x/grammy_types@v3.2.0/message.ts": "b10830ea9c8a905053b270d8614b1f4701b8f207a1b5a7f773b5f8e26fc43653",
    "https://deno.land/x/grammy_types@v3.2.0/passport.ts": "e3fb63aec96510bcc317ef48fd25b435444b8f407502d7568c00fce15f2958fd",
    "https://deno.land/x/grammy_types@v3.2.0/payment.ts": "d23e9038c5b479b606e620dd84e3e67b6642ada110a962f2d5b5286e99ec7de5",
    "https://deno.land/x/grammy_types@v3.2.0/update.ts": "6d5ec6d1f6d2acf021f807f6bbf7d541487f30672cfab4700e7f935a490c3b78",
    "https://deno.land/x/grammy_types@v3.22.1/api.ts": "ae04d6628e3d25ae805bc07a19475065044fc44cde0a40877405bc3544d03a5f",
    "https://deno.land/x/grammy_types@v3.22.1/checklist.ts": "6b3138470069c4227dfff51bf7409b6b3cd25155a245f6f307d7a1dcc98d8881",
    "https://deno.land/x/grammy_types@v3.22.1/inline.ts": "9afd0340eafd22acb163f2f680d58b85719f0edc92dffa4d259fc5232e543d23",
    "https://deno.land/x/grammy_types@v3.22.1/langs.ts": "5f5fd09c58ba3ae942dd7cea2696f95587d2032c1829bba4bca81762b7ef73b6",
    "https://deno.land/x/grammy_types@v3.22.1/manage.ts": "2d96061a8f072afaa86733a866e528d9ed0f2addb0692898845c06d7953cbb68",
    "https://deno.land/x/grammy_types@v3.22.1/markup.ts": "dfe9e883cd09ee82d5f032e639ed69acdce8c42ba3f325528ab35b01d5063a1f",
    "https://deno.land/x/grammy_types@v3.22.1/message.ts": "408e4c123128b12fc9461bcee9365ebcd8a411d1b9158bcfd9495529843e1c97",
    "https://deno.land/x/grammy_types@v3.22.1/methods.ts": "fe9f0655de679ab9cf6dcd972623d396ca9b54d218c5819c446c4c7a159ee445",
    "https://deno.land/x/grammy_types@v3.22.1/mod.ts": "73efb15e1fb664c99ea32fa707a8cd3ed5ff4a1e21fba2fe1ddc78bb476ef84d",
    "https://deno.land/x/grammy_types@v3.22.1/passport.ts": "19820e7d6c279521f8bc8912d6a378239f73d4ab525453808994b5f44ef95215",
    "https://deno.land/x/grammy_types@v3.22.1/payment.ts": "2b83a59a24b7b02ae15fd57cb0ad41ba5b73fda20b725a098f79ac7268d4b351",
    "https://deno.land/x/grammy_types@v3.22.1/settings.ts": "5186837e55f53dfe16749b066237221867f7ebf6174084e69c35603acf413ed7",
    "https://deno.land/x/grammy_types@v3.22.1/story.ts": "f558c6e6054a43fa1403c2376f7c0b51e2138f4e0d13f0f6e870ffd1cd085ae2",
    "https://deno.land/x/grammy_types@v3.22.1/update.ts": "71cc0d5ec860149b71415ba03282b1d7edd0466b36e2789521a3b3a3d7796493",
    "https://deno.land/x/grammy_types@v3.4.6/api.ts": "ae04d6628e3d25ae805bc07a19475065044fc44cde0a40877405bc3544d03a5f",
    "https://deno.land/x/grammy_types@v3.4.6/inline.ts": "594e1e487c94bde6f1d17f457b7b002786eb40b7b3b77ed32b830571e6285b7e",
    "https://deno.land/x/grammy_types@v3.4.6/manage.ts": "1d2b76d8735cdb56a2afe89097169ff4403b14016adb73e682fce61bc4c2efad",
    "https://deno.land/x/grammy_types@v3.4.6/markup.ts": "bef977ea4c2f17791d6f8a0a8f37f6f7f622967030da4f6b42e41c3a9d797113",
    "https://deno.land/x/grammy_types@v3.4.6/message.ts": "24de17e147a992eedebc8b28a553eeb1d62b0aecb93649fbde5f642bd5ad2b47",
    "https://deno.land/x/grammy_types@v3.4.6/methods.ts": "9c4d413f1a240e356b58c41a2c9417ccbd42b287d7cab9375c568d5d80ffcb2b",
    "https://deno.land/x/grammy_types@v3.4.6/mod.ts": "7b5f421b4fbb1761f7f0d68328eaddd515f3222ce3f3cdfbedd8d5a4781e91a7",
    "https://deno.land/x/grammy_types@v3.4.6/passport.ts": "e3fb63aec96510bcc317ef48fd25b435444b8f407502d7568c00fce15f2958fd",
    "https://deno.land/x/grammy_types@v3.4.6/payment.ts": "d23e9038c5b479b606e620dd84e3e67b6642ada110a962f2d5b5286e99ec7de5",
    "https://deno.land/x/grammy_types@v3.4.6/settings.ts": "5e989f5bd6c587d55673bd8052293869aa2f372e9223dd7f6e28632bfe021b6e",
    "https://deno.land/x/grammy_types@v3.4.6/update.ts": "597465794cbf6a6ab8a6e69c24645ed928e79af3d384dce63ae83716ba78ba3e",
    "https://deno.land/x/url_join@1.0.0/mod.ts": "d3c7007e3ab15594e54d5b90dce623b3e274a726e0cdf57858e7ecab77a0166c",
    "https://raw.githubusercontent.com/uzinfocom-org/webhook/refs/heads/main/schema.ts": "3777776fb421c6e1f0bbfd8dc7d9bada59d5aa694dd67f60445b0d4cbd734837"
  }
}
